
Microsoft Visual Studio Solution File, Format Version 12.00
# Visual Studio Version 16
VisualStudioVersion = 16.0.29728.190
MinimumVisualStudioVersion = 10.0.40219.1
Project("{FAE04EC0-301F-11D3-BF4B-00C04F79EFBC}") = "MaxNumber", "MaxNumber.csproj", "{A31F785D-71D2-447C-95F5-2B297CA67EB1}"
EndProject
Project("{FAE04EC0-301F-11D3-BF4B-00C04F79EFBC}") = "Sorter", "Sorter\Sorter.csproj", "{A8E21165-00AE-4B29-B3AB-96674303A5AE}"
EndProject
Project("{FAE04EC0-301F-11D3-BF4B-00C04F79EFBC}") = "DemoArray", "DemoArray\DemoArray.csproj", "{6B6518C7-17C3-4770-A867-A75ABC52DC5B}"
EndProject
Project("{FAE04EC0-301F-11D3-BF4B-00C04F79EFBC}") = "DemoLists", "DemoLists\DemoLists.csproj", "{E9BEA15D-FC0C-4C62-AF92-21EF39865A9E}"
EndProject
Global
	GlobalSection(SolutionConfigurationPlatforms) = preSolution
		Debug|Any CPU = Debug|Any CPU
		Release|Any CPU = Release|Any CPU
	EndGlobalSection
	GlobalSection(ProjectConfigurationPlatforms) = postSolution
		{A31F785D-71D2-447C-95F5-2B297CA67EB1}.Debug|Any CPU.ActiveCfg = Debug|Any CPU
		{A31F785D-71D2-447C-95F5-2B297CA67EB1}.Debug|Any CPU.Build.0 = Debug|Any CPU
		{A31F785D-71D2-447C-95F5-2B297CA67EB1}.Release|Any CPU.ActiveCfg = Release|Any CPU
		{A31F785D-71D2-447C-95F5-2B297CA67EB1}.Release|Any CPU.Build.0 = Release|Any CPU
		{A8E21165-00AE-4B29-B3AB-96674303A5AE}.Debug|Any CPU.ActiveCfg = Debug|Any CPU
		{A8E21165-00AE-4B29-B3AB-96674303A5AE}.Debug|Any CPU.Build.0 = Debug|Any CPU
		{A8E21165-00AE-4B29-B3AB-96674303A5AE}.Release|Any CPU.ActiveCfg = Release|Any CPU
		{A8E21165-00AE-4B29-B3AB-96674303A5AE}.Release|Any CPU.Build.0 = Release|Any CPU
		{6B6518C7-17C3-4770-A867-A75ABC52DC5B}.Debug|Any CPU.ActiveCfg = Debug|Any CPU
		{6B6518C7-17C3-4770-A867-A75ABC52DC5B}.Debug|Any CPU.Build.0 = Debug|Any CPU
		{6B6518C7-17C3-4770-A867-A75ABC52DC5B}.Release|Any CPU.ActiveCfg = Release|Any CPU
		{6B6518C7-17C3-4770-A867-A75ABC52DC5B}.Release|Any CPU.Build.0 = Release|Any CPU
		{E9BEA15D-FC0C-4C62-AF92-21EF39865A9E}.Debug|Any CPU.ActiveCfg = Debug|Any CPU
		{E9BEA15D-FC0C-4C62-AF92-21EF39865A9E}.Debug|Any CPU.Build.0 = Debug|Any CPU
		{E9BEA15D-FC0C-4C62-AF92-21EF39865A9E}.Release|Any CPU.ActiveCfg = Release|Any CPU
		{E9BEA15D-FC0C-4C62-AF92-21EF39865A9E}.Release|Any CPU.Build.0 = Release|Any CPU
	EndGlobalSection
	GlobalSection(SolutionProperties) = preSolution
		HideSolutionNode = FALSE
	EndGlobalSection
	GlobalSection(ExtensibilityGlobals) = postSolution
		SolutionGuid = {66D6373E-D73B-4A70-81FE-5F2EFEC01344}
	EndGlobalSection
EndGlobal
