
Microsoft Visual Studio Solution File, Format Version 12.00
# Visual Studio Version 16
VisualStudioVersion = 16.0.29728.190
MinimumVisualStudioVersion = 10.0.40219.1
Project("{FAE04EC0-301F-11D3-BF4B-00C04F79EFBC}") = "DateTimeExamples", "DateTimeExamples\DateTimeExamples.csproj", "{9B1BA285-412C-4E32-9B05-E4D93AFC0786}"
EndProject
Project("{FAE04EC0-301F-11D3-BF4B-00C04F79EFBC}") = "DemoArray", "DemoArray\DemoArray.csproj", "{6B6518C7-17C3-4770-A867-A75ABC52DC5B}"
EndProject
Project("{FAE04EC0-301F-11D3-BF4B-00C04F79EFBC}") = "DemoLists", "DemoLists\DemoLists.csproj", "{E9BEA15D-FC0C-4C62-AF92-21EF39865A9E}"
EndProject
Project("{FAE04EC0-301F-11D3-BF4B-00C04F79EFBC}") = "FBLikesByName", "FBLikesByName\FBLikesByName.csproj", "{9CBAB68F-F109-46F8-866F-B9D37A1CAB27}"
EndProject
Project("{FAE04EC0-301F-11D3-BF4B-00C04F79EFBC}") = "MaxNumber", "MaxNumber\MaxNumber.csproj", "{A31F785D-71D2-447C-95F5-2B297CA67EB1}"
EndProject
Project("{FAE04EC0-301F-11D3-BF4B-00C04F79EFBC}") = "ReversedName", "ReversedName\ReversedName.csproj", "{09ED369A-C413-4175-9A00-4262A0111F5B}"
EndProject
Project("{FAE04EC0-301F-11D3-BF4B-00C04F79EFBC}") = "SmallestNumbers", "SmallestNumbers\SmallestNumbers.csproj", "{ECB90E82-7836-434B-873A-60D2F4EDD8C4}"
EndProject
Project("{FAE04EC0-301F-11D3-BF4B-00C04F79EFBC}") = "Sorter", "Sorter\Sorter.csproj", "{A8E21165-00AE-4B29-B3AB-96674303A5AE}"
EndProject
Project("{FAE04EC0-301F-11D3-BF4B-00C04F79EFBC}") = "TimeSpanExemples", "TimeSpanExemp\TimeSpanExemples.csproj", "{3A7C5217-244E-4AAD-8C85-9495DBB817A1}"
EndProject
Project("{FAE04EC0-301F-11D3-BF4B-00C04F79EFBC}") = "UniqueNumbers", "UniqueNumbers\UniqueNumbers.csproj", "{22CDA9F0-7DF5-4CCA-87A5-8DDC245FDE5A}"
EndProject
Project("{FAE04EC0-301F-11D3-BF4B-00C04F79EFBC}") = "UniqueNumbers2", "UniqueNumbers2\UniqueNumbers2.csproj", "{0DED20C8-DDEA-41AA-B7C7-917CAE078E1A}"
EndProject
Project("{2150E333-8FDC-42A3-9474-1A3956D46DE8}") = "DateTime", "DateTime", "{3C1934C3-A29A-4321-99C1-C82258E126E3}"
EndProject
Project("{2150E333-8FDC-42A3-9474-1A3956D46DE8}") = "DataStructures", "DataStructures", "{EB3B5C22-4737-45D8-949F-4A0043F90111}"
EndProject
Project("{FAE04EC0-301F-11D3-BF4B-00C04F79EFBC}") = "_Exercises", "_Exercises\_Exercises.csproj", "{DCD70B4C-E1C0-4D1F-9F76-15354022384C}"
EndProject
Project("{FAE04EC0-301F-11D3-BF4B-00C04F79EFBC}") = "DemoStrings", "DemoStrings\DemoStrings.csproj", "{C05492AE-C4DF-4C3F-8ACC-25208332534D}"
EndProject
Project("{FAE04EC0-301F-11D3-BF4B-00C04F79EFBC}") = "SummarizeText", "SummarizeText\SummarizeText.csproj", "{A1D7C73A-2D90-478C-9A78-69AE353DEFDC}"
EndProject
Project("{FAE04EC0-301F-11D3-BF4B-00C04F79EFBC}") = "DemoStringBuilder", "DemoStringBuilder\DemoStringBuilder.csproj", "{EB6A76D7-4DC6-49C7-9920-02F997CB5A83}"
EndProject
Project("{2150E333-8FDC-42A3-9474-1A3956D46DE8}") = "StringsAndText", "StringsAndText", "{178917C3-CF41-4BB8-988E-3A6793B02C30}"
EndProject
Project("{2150E333-8FDC-42A3-9474-1A3956D46DE8}") = "Projects", "Projects", "{20C1211D-4EAD-4CF6-9EF2-32DEA85A0C46}"
EndProject
Project("{2150E333-8FDC-42A3-9474-1A3956D46DE8}") = "Projects", "Projects", "{6F178D1B-1E55-4D67-8F94-EC20634F2980}"
EndProject
Project("{FAE04EC0-301F-11D3-BF4B-00C04F79EFBC}") = "ConsecutiveNumbers", "ConsecutiveNumbers\ConsecutiveNumbers.csproj", "{31A72172-FA67-4B3F-9B5D-19AA0536D612}"
EndProject
Project("{FAE04EC0-301F-11D3-BF4B-00C04F79EFBC}") = "DuplicateNumbers", "DuplicateNumbers\DuplicateNumbers.csproj", "{FA72E54C-9041-407A-A8DE-5E17E6E32511}"
EndProject
Project("{FAE04EC0-301F-11D3-BF4B-00C04F79EFBC}") = "TimeValidation", "TimeValidation\TimeValidation.csproj", "{9998B060-2081-41D5-B0E6-0B3A5717A282}"
EndProject
Project("{FAE04EC0-301F-11D3-BF4B-00C04F79EFBC}") = "InputToPascalCase", "InputToPascalCase\InputToPascalCase.csproj", "{AB88BF4E-0172-4059-9C9E-79B141E1B7F1}"
EndProject
Project("{FAE04EC0-301F-11D3-BF4B-00C04F79EFBC}") = "VowelsInEnglishWord", "VowelsInEnglishWord\VowelsInEnglishWord.csproj", "{35EBD312-A37E-4C98-9FFE-6C35D6D83173}"
EndProject
Project("{2150E333-8FDC-42A3-9474-1A3956D46DE8}") = "WorkingWithFiles", "WorkingWithFiles", "{65E4FDA6-6064-48E7-BBD6-67864FF7DB3B}"
EndProject
Project("{FAE04EC0-301F-11D3-BF4B-00C04F79EFBC}") = "DemoFileAndFileInfo", "DemoFileAndFileInfo\DemoFileAndFileInfo.csproj", "{56111313-7CF5-44EC-9DE8-511ABF9725F2}"
EndProject
Project("{FAE04EC0-301F-11D3-BF4B-00C04F79EFBC}") = "DemoDirectoryAndDirectoryInfo", "DemoDirectoryAndDirectoryInfo\DemoDirectoryAndDirectoryInfo.csproj", "{47F967D8-B931-43FD-A628-87D499CD8E36}"
EndProject
Project("{FAE04EC0-301F-11D3-BF4B-00C04F79EFBC}") = "DemoPathClass", "DemoPathClass\DemoPathClass.csproj", "{4246646A-0F02-455C-BB70-9252876BD0BF}"
EndProject
Project("{2150E333-8FDC-42A3-9474-1A3956D46DE8}") = "Projects", "Projects", "{50C75EA9-946A-4FCB-8A78-E57327305554}"
EndProject
Project("{FAE04EC0-301F-11D3-BF4B-00C04F79EFBC}") = "NumberOfWordsInFile", "NumberOfWordsInFile\NumberOfWordsInFile.csproj", "{9E552858-FA6E-4435-B373-9451DBB036DC}"
EndProject
Global
	GlobalSection(SolutionConfigurationPlatforms) = preSolution
		Debug|Any CPU = Debug|Any CPU
		Release|Any CPU = Release|Any CPU
	EndGlobalSection
	GlobalSection(ProjectConfigurationPlatforms) = postSolution
		{9B1BA285-412C-4E32-9B05-E4D93AFC0786}.Debug|Any CPU.ActiveCfg = Debug|Any CPU
		{9B1BA285-412C-4E32-9B05-E4D93AFC0786}.Debug|Any CPU.Build.0 = Debug|Any CPU
		{9B1BA285-412C-4E32-9B05-E4D93AFC0786}.Release|Any CPU.ActiveCfg = Release|Any CPU
		{9B1BA285-412C-4E32-9B05-E4D93AFC0786}.Release|Any CPU.Build.0 = Release|Any CPU
		{6B6518C7-17C3-4770-A867-A75ABC52DC5B}.Debug|Any CPU.ActiveCfg = Debug|Any CPU
		{6B6518C7-17C3-4770-A867-A75ABC52DC5B}.Debug|Any CPU.Build.0 = Debug|Any CPU
		{6B6518C7-17C3-4770-A867-A75ABC52DC5B}.Release|Any CPU.ActiveCfg = Release|Any CPU
		{6B6518C7-17C3-4770-A867-A75ABC52DC5B}.Release|Any CPU.Build.0 = Release|Any CPU
		{E9BEA15D-FC0C-4C62-AF92-21EF39865A9E}.Debug|Any CPU.ActiveCfg = Debug|Any CPU
		{E9BEA15D-FC0C-4C62-AF92-21EF39865A9E}.Debug|Any CPU.Build.0 = Debug|Any CPU
		{E9BEA15D-FC0C-4C62-AF92-21EF39865A9E}.Release|Any CPU.ActiveCfg = Release|Any CPU
		{E9BEA15D-FC0C-4C62-AF92-21EF39865A9E}.Release|Any CPU.Build.0 = Release|Any CPU
		{9CBAB68F-F109-46F8-866F-B9D37A1CAB27}.Debug|Any CPU.ActiveCfg = Debug|Any CPU
		{9CBAB68F-F109-46F8-866F-B9D37A1CAB27}.Debug|Any CPU.Build.0 = Debug|Any CPU
		{9CBAB68F-F109-46F8-866F-B9D37A1CAB27}.Release|Any CPU.ActiveCfg = Release|Any CPU
		{9CBAB68F-F109-46F8-866F-B9D37A1CAB27}.Release|Any CPU.Build.0 = Release|Any CPU
		{A31F785D-71D2-447C-95F5-2B297CA67EB1}.Debug|Any CPU.ActiveCfg = Debug|Any CPU
		{A31F785D-71D2-447C-95F5-2B297CA67EB1}.Debug|Any CPU.Build.0 = Debug|Any CPU
		{A31F785D-71D2-447C-95F5-2B297CA67EB1}.Release|Any CPU.ActiveCfg = Release|Any CPU
		{A31F785D-71D2-447C-95F5-2B297CA67EB1}.Release|Any CPU.Build.0 = Release|Any CPU
		{09ED369A-C413-4175-9A00-4262A0111F5B}.Debug|Any CPU.ActiveCfg = Debug|Any CPU
		{09ED369A-C413-4175-9A00-4262A0111F5B}.Debug|Any CPU.Build.0 = Debug|Any CPU
		{09ED369A-C413-4175-9A00-4262A0111F5B}.Release|Any CPU.ActiveCfg = Release|Any CPU
		{09ED369A-C413-4175-9A00-4262A0111F5B}.Release|Any CPU.Build.0 = Release|Any CPU
		{ECB90E82-7836-434B-873A-60D2F4EDD8C4}.Debug|Any CPU.ActiveCfg = Debug|Any CPU
		{ECB90E82-7836-434B-873A-60D2F4EDD8C4}.Debug|Any CPU.Build.0 = Debug|Any CPU
		{ECB90E82-7836-434B-873A-60D2F4EDD8C4}.Release|Any CPU.ActiveCfg = Release|Any CPU
		{ECB90E82-7836-434B-873A-60D2F4EDD8C4}.Release|Any CPU.Build.0 = Release|Any CPU
		{A8E21165-00AE-4B29-B3AB-96674303A5AE}.Debug|Any CPU.ActiveCfg = Debug|Any CPU
		{A8E21165-00AE-4B29-B3AB-96674303A5AE}.Debug|Any CPU.Build.0 = Debug|Any CPU
		{A8E21165-00AE-4B29-B3AB-96674303A5AE}.Release|Any CPU.ActiveCfg = Release|Any CPU
		{A8E21165-00AE-4B29-B3AB-96674303A5AE}.Release|Any CPU.Build.0 = Release|Any CPU
		{3A7C5217-244E-4AAD-8C85-9495DBB817A1}.Debug|Any CPU.ActiveCfg = Debug|Any CPU
		{3A7C5217-244E-4AAD-8C85-9495DBB817A1}.Debug|Any CPU.Build.0 = Debug|Any CPU
		{3A7C5217-244E-4AAD-8C85-9495DBB817A1}.Release|Any CPU.ActiveCfg = Release|Any CPU
		{3A7C5217-244E-4AAD-8C85-9495DBB817A1}.Release|Any CPU.Build.0 = Release|Any CPU
		{22CDA9F0-7DF5-4CCA-87A5-8DDC245FDE5A}.Debug|Any CPU.ActiveCfg = Debug|Any CPU
		{22CDA9F0-7DF5-4CCA-87A5-8DDC245FDE5A}.Debug|Any CPU.Build.0 = Debug|Any CPU
		{22CDA9F0-7DF5-4CCA-87A5-8DDC245FDE5A}.Release|Any CPU.ActiveCfg = Release|Any CPU
		{22CDA9F0-7DF5-4CCA-87A5-8DDC245FDE5A}.Release|Any CPU.Build.0 = Release|Any CPU
		{0DED20C8-DDEA-41AA-B7C7-917CAE078E1A}.Debug|Any CPU.ActiveCfg = Debug|Any CPU
		{0DED20C8-DDEA-41AA-B7C7-917CAE078E1A}.Debug|Any CPU.Build.0 = Debug|Any CPU
		{0DED20C8-DDEA-41AA-B7C7-917CAE078E1A}.Release|Any CPU.ActiveCfg = Release|Any CPU
		{0DED20C8-DDEA-41AA-B7C7-917CAE078E1A}.Release|Any CPU.Build.0 = Release|Any CPU
		{DCD70B4C-E1C0-4D1F-9F76-15354022384C}.Debug|Any CPU.ActiveCfg = Debug|Any CPU
		{DCD70B4C-E1C0-4D1F-9F76-15354022384C}.Debug|Any CPU.Build.0 = Debug|Any CPU
		{DCD70B4C-E1C0-4D1F-9F76-15354022384C}.Release|Any CPU.ActiveCfg = Release|Any CPU
		{DCD70B4C-E1C0-4D1F-9F76-15354022384C}.Release|Any CPU.Build.0 = Release|Any CPU
		{C05492AE-C4DF-4C3F-8ACC-25208332534D}.Debug|Any CPU.ActiveCfg = Debug|Any CPU
		{C05492AE-C4DF-4C3F-8ACC-25208332534D}.Debug|Any CPU.Build.0 = Debug|Any CPU
		{C05492AE-C4DF-4C3F-8ACC-25208332534D}.Release|Any CPU.ActiveCfg = Release|Any CPU
		{C05492AE-C4DF-4C3F-8ACC-25208332534D}.Release|Any CPU.Build.0 = Release|Any CPU
		{A1D7C73A-2D90-478C-9A78-69AE353DEFDC}.Debug|Any CPU.ActiveCfg = Debug|Any CPU
		{A1D7C73A-2D90-478C-9A78-69AE353DEFDC}.Debug|Any CPU.Build.0 = Debug|Any CPU
		{A1D7C73A-2D90-478C-9A78-69AE353DEFDC}.Release|Any CPU.ActiveCfg = Release|Any CPU
		{A1D7C73A-2D90-478C-9A78-69AE353DEFDC}.Release|Any CPU.Build.0 = Release|Any CPU
		{EB6A76D7-4DC6-49C7-9920-02F997CB5A83}.Debug|Any CPU.ActiveCfg = Debug|Any CPU
		{EB6A76D7-4DC6-49C7-9920-02F997CB5A83}.Debug|Any CPU.Build.0 = Debug|Any CPU
		{EB6A76D7-4DC6-49C7-9920-02F997CB5A83}.Release|Any CPU.ActiveCfg = Release|Any CPU
		{EB6A76D7-4DC6-49C7-9920-02F997CB5A83}.Release|Any CPU.Build.0 = Release|Any CPU
		{31A72172-FA67-4B3F-9B5D-19AA0536D612}.Debug|Any CPU.ActiveCfg = Debug|Any CPU
		{31A72172-FA67-4B3F-9B5D-19AA0536D612}.Debug|Any CPU.Build.0 = Debug|Any CPU
		{31A72172-FA67-4B3F-9B5D-19AA0536D612}.Release|Any CPU.ActiveCfg = Release|Any CPU
		{31A72172-FA67-4B3F-9B5D-19AA0536D612}.Release|Any CPU.Build.0 = Release|Any CPU
		{FA72E54C-9041-407A-A8DE-5E17E6E32511}.Debug|Any CPU.ActiveCfg = Debug|Any CPU
		{FA72E54C-9041-407A-A8DE-5E17E6E32511}.Debug|Any CPU.Build.0 = Debug|Any CPU
		{FA72E54C-9041-407A-A8DE-5E17E6E32511}.Release|Any CPU.ActiveCfg = Release|Any CPU
		{FA72E54C-9041-407A-A8DE-5E17E6E32511}.Release|Any CPU.Build.0 = Release|Any CPU
		{9998B060-2081-41D5-B0E6-0B3A5717A282}.Debug|Any CPU.ActiveCfg = Debug|Any CPU
		{9998B060-2081-41D5-B0E6-0B3A5717A282}.Debug|Any CPU.Build.0 = Debug|Any CPU
		{9998B060-2081-41D5-B0E6-0B3A5717A282}.Release|Any CPU.ActiveCfg = Release|Any CPU
		{9998B060-2081-41D5-B0E6-0B3A5717A282}.Release|Any CPU.Build.0 = Release|Any CPU
		{AB88BF4E-0172-4059-9C9E-79B141E1B7F1}.Debug|Any CPU.ActiveCfg = Debug|Any CPU
		{AB88BF4E-0172-4059-9C9E-79B141E1B7F1}.Debug|Any CPU.Build.0 = Debug|Any CPU
		{AB88BF4E-0172-4059-9C9E-79B141E1B7F1}.Release|Any CPU.ActiveCfg = Release|Any CPU
		{AB88BF4E-0172-4059-9C9E-79B141E1B7F1}.Release|Any CPU.Build.0 = Release|Any CPU
		{35EBD312-A37E-4C98-9FFE-6C35D6D83173}.Debug|Any CPU.ActiveCfg = Debug|Any CPU
		{35EBD312-A37E-4C98-9FFE-6C35D6D83173}.Debug|Any CPU.Build.0 = Debug|Any CPU
		{35EBD312-A37E-4C98-9FFE-6C35D6D83173}.Release|Any CPU.ActiveCfg = Release|Any CPU
		{35EBD312-A37E-4C98-9FFE-6C35D6D83173}.Release|Any CPU.Build.0 = Release|Any CPU
		{56111313-7CF5-44EC-9DE8-511ABF9725F2}.Debug|Any CPU.ActiveCfg = Debug|Any CPU
		{56111313-7CF5-44EC-9DE8-511ABF9725F2}.Debug|Any CPU.Build.0 = Debug|Any CPU
		{56111313-7CF5-44EC-9DE8-511ABF9725F2}.Release|Any CPU.ActiveCfg = Release|Any CPU
		{56111313-7CF5-44EC-9DE8-511ABF9725F2}.Release|Any CPU.Build.0 = Release|Any CPU
		{47F967D8-B931-43FD-A628-87D499CD8E36}.Debug|Any CPU.ActiveCfg = Debug|Any CPU
		{47F967D8-B931-43FD-A628-87D499CD8E36}.Debug|Any CPU.Build.0 = Debug|Any CPU
		{47F967D8-B931-43FD-A628-87D499CD8E36}.Release|Any CPU.ActiveCfg = Release|Any CPU
		{47F967D8-B931-43FD-A628-87D499CD8E36}.Release|Any CPU.Build.0 = Release|Any CPU
		{4246646A-0F02-455C-BB70-9252876BD0BF}.Debug|Any CPU.ActiveCfg = Debug|Any CPU
		{4246646A-0F02-455C-BB70-9252876BD0BF}.Debug|Any CPU.Build.0 = Debug|Any CPU
		{4246646A-0F02-455C-BB70-9252876BD0BF}.Release|Any CPU.ActiveCfg = Release|Any CPU
		{4246646A-0F02-455C-BB70-9252876BD0BF}.Release|Any CPU.Build.0 = Release|Any CPU
		{9E552858-FA6E-4435-B373-9451DBB036DC}.Debug|Any CPU.ActiveCfg = Debug|Any CPU
		{9E552858-FA6E-4435-B373-9451DBB036DC}.Debug|Any CPU.Build.0 = Debug|Any CPU
		{9E552858-FA6E-4435-B373-9451DBB036DC}.Release|Any CPU.ActiveCfg = Release|Any CPU
		{9E552858-FA6E-4435-B373-9451DBB036DC}.Release|Any CPU.Build.0 = Release|Any CPU
	EndGlobalSection
	GlobalSection(SolutionProperties) = preSolution
		HideSolutionNode = FALSE
	EndGlobalSection
	GlobalSection(NestedProjects) = preSolution
		{9B1BA285-412C-4E32-9B05-E4D93AFC0786} = {3C1934C3-A29A-4321-99C1-C82258E126E3}
		{6B6518C7-17C3-4770-A867-A75ABC52DC5B} = {EB3B5C22-4737-45D8-949F-4A0043F90111}
		{E9BEA15D-FC0C-4C62-AF92-21EF39865A9E} = {EB3B5C22-4737-45D8-949F-4A0043F90111}
		{9CBAB68F-F109-46F8-866F-B9D37A1CAB27} = {6F178D1B-1E55-4D67-8F94-EC20634F2980}
		{A31F785D-71D2-447C-95F5-2B297CA67EB1} = {6F178D1B-1E55-4D67-8F94-EC20634F2980}
		{09ED369A-C413-4175-9A00-4262A0111F5B} = {6F178D1B-1E55-4D67-8F94-EC20634F2980}
		{ECB90E82-7836-434B-873A-60D2F4EDD8C4} = {6F178D1B-1E55-4D67-8F94-EC20634F2980}
		{A8E21165-00AE-4B29-B3AB-96674303A5AE} = {6F178D1B-1E55-4D67-8F94-EC20634F2980}
		{3A7C5217-244E-4AAD-8C85-9495DBB817A1} = {3C1934C3-A29A-4321-99C1-C82258E126E3}
		{22CDA9F0-7DF5-4CCA-87A5-8DDC245FDE5A} = {6F178D1B-1E55-4D67-8F94-EC20634F2980}
		{0DED20C8-DDEA-41AA-B7C7-917CAE078E1A} = {6F178D1B-1E55-4D67-8F94-EC20634F2980}
		{C05492AE-C4DF-4C3F-8ACC-25208332534D} = {178917C3-CF41-4BB8-988E-3A6793B02C30}
		{A1D7C73A-2D90-478C-9A78-69AE353DEFDC} = {20C1211D-4EAD-4CF6-9EF2-32DEA85A0C46}
		{EB6A76D7-4DC6-49C7-9920-02F997CB5A83} = {178917C3-CF41-4BB8-988E-3A6793B02C30}
		{20C1211D-4EAD-4CF6-9EF2-32DEA85A0C46} = {178917C3-CF41-4BB8-988E-3A6793B02C30}
		{6F178D1B-1E55-4D67-8F94-EC20634F2980} = {EB3B5C22-4737-45D8-949F-4A0043F90111}
		{31A72172-FA67-4B3F-9B5D-19AA0536D612} = {20C1211D-4EAD-4CF6-9EF2-32DEA85A0C46}
		{FA72E54C-9041-407A-A8DE-5E17E6E32511} = {20C1211D-4EAD-4CF6-9EF2-32DEA85A0C46}
		{9998B060-2081-41D5-B0E6-0B3A5717A282} = {20C1211D-4EAD-4CF6-9EF2-32DEA85A0C46}
		{AB88BF4E-0172-4059-9C9E-79B141E1B7F1} = {20C1211D-4EAD-4CF6-9EF2-32DEA85A0C46}
		{35EBD312-A37E-4C98-9FFE-6C35D6D83173} = {20C1211D-4EAD-4CF6-9EF2-32DEA85A0C46}
		{56111313-7CF5-44EC-9DE8-511ABF9725F2} = {65E4FDA6-6064-48E7-BBD6-67864FF7DB3B}
		{47F967D8-B931-43FD-A628-87D499CD8E36} = {65E4FDA6-6064-48E7-BBD6-67864FF7DB3B}
		{4246646A-0F02-455C-BB70-9252876BD0BF} = {65E4FDA6-6064-48E7-BBD6-67864FF7DB3B}
		{50C75EA9-946A-4FCB-8A78-E57327305554} = {65E4FDA6-6064-48E7-BBD6-67864FF7DB3B}
		{9E552858-FA6E-4435-B373-9451DBB036DC} = {50C75EA9-946A-4FCB-8A78-E57327305554}
	EndGlobalSection
	GlobalSection(ExtensibilityGlobals) = postSolution
		SolutionGuid = {88C87E8D-386A-4CB5-83F6-12723567762F}
	EndGlobalSection
EndGlobal
