
Microsoft Visual Studio Solution File, Format Version 12.00
# Visual Studio Version 16
VisualStudioVersion = 16.0.29728.190
MinimumVisualStudioVersion = 10.0.40219.1
Project("{FAE04EC0-301F-11D3-BF4B-00C04F79EFBC}") = "DateTimeExamples", "DateTimeExamples\DateTimeExamples.csproj", "{9B1BA285-412C-4E32-9B05-E4D93AFC0786}"
EndProject
Project("{FAE04EC0-301F-11D3-BF4B-00C04F79EFBC}") = "DemoArray", "DemoArray\DemoArray.csproj", "{6B6518C7-17C3-4770-A867-A75ABC52DC5B}"
EndProject
Project("{FAE04EC0-301F-11D3-BF4B-00C04F79EFBC}") = "DemoLists", "DemoLists\DemoLists.csproj", "{E9BEA15D-FC0C-4C62-AF92-21EF39865A9E}"
EndProject
Project("{FAE04EC0-301F-11D3-BF4B-00C04F79EFBC}") = "FBLikesByName", "FBLikesByName\FBLikesByName.csproj", "{9CBAB68F-F109-46F8-866F-B9D37A1CAB27}"
EndProject
Project("{FAE04EC0-301F-11D3-BF4B-00C04F79EFBC}") = "MaxNumber", "MaxNumber\MaxNumber.csproj", "{A31F785D-71D2-447C-95F5-2B297CA67EB1}"
EndProject
Project("{FAE04EC0-301F-11D3-BF4B-00C04F79EFBC}") = "ReversedName", "ReversedName\ReversedName.csproj", "{09ED369A-C413-4175-9A00-4262A0111F5B}"
EndProject
Project("{FAE04EC0-301F-11D3-BF4B-00C04F79EFBC}") = "SmallestNumbers", "SmallestNumbers\SmallestNumbers.csproj", "{ECB90E82-7836-434B-873A-60D2F4EDD8C4}"
EndProject
Project("{FAE04EC0-301F-11D3-BF4B-00C04F79EFBC}") = "Sorter", "Sorter\Sorter.csproj", "{A8E21165-00AE-4B29-B3AB-96674303A5AE}"
EndProject
Project("{FAE04EC0-301F-11D3-BF4B-00C04F79EFBC}") = "TimeSpanExemples", "TimeSpanExemp\TimeSpanExemples.csproj", "{3A7C5217-244E-4AAD-8C85-9495DBB817A1}"
EndProject
Project("{FAE04EC0-301F-11D3-BF4B-00C04F79EFBC}") = "UniqueNumbers", "UniqueNumbers\UniqueNumbers.csproj", "{22CDA9F0-7DF5-4CCA-87A5-8DDC245FDE5A}"
EndProject
Project("{FAE04EC0-301F-11D3-BF4B-00C04F79EFBC}") = "UniqueNumbers2", "UniqueNumbers2\UniqueNumbers2.csproj", "{0DED20C8-DDEA-41AA-B7C7-917CAE078E1A}"
EndProject
Project("{2150E333-8FDC-42A3-9474-1A3956D46DE8}") = "DateTime", "DateTime", "{3C1934C3-A29A-4321-99C1-C82258E126E3}"
EndProject
Project("{2150E333-8FDC-42A3-9474-1A3956D46DE8}") = "DataStructures", "DataStructures", "{EB3B5C22-4737-45D8-949F-4A0043F90111}"
EndProject
Project("{FAE04EC0-301F-11D3-BF4B-00C04F79EFBC}") = "_Exercises", "_Exercises\_Exercises.csproj", "{DCD70B4C-E1C0-4D1F-9F76-15354022384C}"
EndProject
Project("{FAE04EC0-301F-11D3-BF4B-00C04F79EFBC}") = "DemoStrings", "DemoStrings\DemoStrings.csproj", "{C05492AE-C4DF-4C3F-8ACC-25208332534D}"
EndProject
Project("{FAE04EC0-301F-11D3-BF4B-00C04F79EFBC}") = "SummarizeText", "SummarizeText\SummarizeText.csproj", "{A1D7C73A-2D90-478C-9A78-69AE353DEFDC}"
EndProject
Project("{FAE04EC0-301F-11D3-BF4B-00C04F79EFBC}") = "DemoStringBuilder", "DemoStringBuilder\DemoStringBuilder.csproj", "{EB6A76D7-4DC6-49C7-9920-02F997CB5A83}"
EndProject
Project("{2150E333-8FDC-42A3-9474-1A3956D46DE8}") = "StringsAndText", "StringsAndText", "{178917C3-CF41-4BB8-988E-3A6793B02C30}"
EndProject
Project("{2150E333-8FDC-42A3-9474-1A3956D46DE8}") = "Projects", "Projects", "{20C1211D-4EAD-4CF6-9EF2-32DEA85A0C46}"
EndProject
Project("{2150E333-8FDC-42A3-9474-1A3956D46DE8}") = "Projects", "Projects", "{6F178D1B-1E55-4D67-8F94-EC20634F2980}"
EndProject
Project("{FAE04EC0-301F-11D3-BF4B-00C04F79EFBC}") = "ConsecutiveNumbers", "ConsecutiveNumbers\ConsecutiveNumbers.csproj", "{31A72172-FA67-4B3F-9B5D-19AA0536D612}"
EndProject
Project("{FAE04EC0-301F-11D3-BF4B-00C04F79EFBC}") = "DuplicateNumbers", "DuplicateNumbers\DuplicateNumbers.csproj", "{FA72E54C-9041-407A-A8DE-5E17E6E32511}"
EndProject
Project("{FAE04EC0-301F-11D3-BF4B-00C04F79EFBC}") = "TimeValidation", "TimeValidation\TimeValidation.csproj", "{9998B060-2081-41D5-B0E6-0B3A5717A282}"
EndProject
Project("{FAE04EC0-301F-11D3-BF4B-00C04F79EFBC}") = "InputToPascalCase", "InputToPascalCase\InputToPascalCase.csproj", "{AB88BF4E-0172-4059-9C9E-79B141E1B7F1}"
EndProject
Project("{FAE04EC0-301F-11D3-BF4B-00C04F79EFBC}") = "VowelsInEnglishWord", "VowelsInEnglishWord\VowelsInEnglishWord.csproj", "{35EBD312-A37E-4C98-9FFE-6C35D6D83173}"
EndProject
Project("{2150E333-8FDC-42A3-9474-1A3956D46DE8}") = "WorkingWithFiles", "WorkingWithFiles", "{65E4FDA6-6064-48E7-BBD6-67864FF7DB3B}"
EndProject
Project("{FAE04EC0-301F-11D3-BF4B-00C04F79EFBC}") = "DemoFileAndFileInfo", "DemoFileAndFileInfo\DemoFileAndFileInfo.csproj", "{56111313-7CF5-44EC-9DE8-511ABF9725F2}"
EndProject
Project("{FAE04EC0-301F-11D3-BF4B-00C04F79EFBC}") = "DemoDirectoryAndDirectoryInfo", "DemoDirectoryAndDirectoryInfo\DemoDirectoryAndDirectoryInfo.csproj", "{47F967D8-B931-43FD-A628-87D499CD8E36}"
EndProject
Project("{FAE04EC0-301F-11D3-BF4B-00C04F79EFBC}") = "DemoPathClass", "DemoPathClass\DemoPathClass.csproj", "{4246646A-0F02-455C-BB70-9252876BD0BF}"
EndProject
Project("{2150E333-8FDC-42A3-9474-1A3956D46DE8}") = "Projects", "Projects", "{50C75EA9-946A-4FCB-8A78-E57327305554}"
EndProject
Project("{FAE04EC0-301F-11D3-BF4B-00C04F79EFBC}") = "NumberOfWordsInFile", "NumberOfWordsInFile\NumberOfWordsInFile.csproj", "{9E552858-FA6E-4435-B373-9451DBB036DC}"
EndProject
Project("{2150E333-8FDC-42A3-9474-1A3956D46DE8}") = "Classes", "Classes", "{4ABE96D1-9153-48A2-BF3C-FD046F4760B3}"
EndProject
Project("{FAE04EC0-301F-11D3-BF4B-00C04F79EFBC}") = "DemoClasses", "DemoClasses\DemoClasses.csproj", "{2EB81313-ADFB-4B07-82BC-86BBE88D25DB}"
EndProject
Project("{FAE04EC0-301F-11D3-BF4B-00C04F79EFBC}") = "DemoMethodParams", "DemoMethodParams\DemoMethodParams.csproj", "{26E0EBCC-7AAE-4797-BDDE-300A0CE518AA}"
EndProject
Project("{FAE04EC0-301F-11D3-BF4B-00C04F79EFBC}") = "DemoFields", "DemoFields\DemoFields.csproj", "{E9968032-BF39-4B32-9EA6-E7187469A3FD}"
EndProject
Project("{FAE04EC0-301F-11D3-BF4B-00C04F79EFBC}") = "AccessModifiers", "AccessModifiers\AccessModifiers.csproj", "{4E5410C3-AF8A-4F3D-B86B-463E16AEE83A}"
EndProject
Project("{FAE04EC0-301F-11D3-BF4B-00C04F79EFBC}") = "DemoIndexers", "DemoIndexers\DemoIndexers.csproj", "{A61F715D-D779-4D6A-AB41-37A17F4E990B}"
EndProject
Project("{2150E333-8FDC-42A3-9474-1A3956D46DE8}") = "Projects", "Projects", "{D41F17FC-0DC8-4EFB-A463-FC5B260E27BE}"
EndProject
Project("{FAE04EC0-301F-11D3-BF4B-00C04F79EFBC}") = "StopWatch", "StopWatch\StopWatch.csproj", "{FAB92C59-535F-442D-BE84-48A7E5974C65}"
EndProject
Project("{FAE04EC0-301F-11D3-BF4B-00C04F79EFBC}") = "StackOverflowPost", "StackOverflowPost\StackOverflowPost.csproj", "{46134D71-5798-415D-882C-79231F7140CC}"
EndProject
Project("{FAE04EC0-301F-11D3-BF4B-00C04F79EFBC}") = "Inheritance", "Inheritance\Inheritance.csproj", "{C5D83ADF-1D8F-4184-BF62-3FFC97D8E5A9}"
EndProject
Project("{FAE04EC0-301F-11D3-BF4B-00C04F79EFBC}") = "Composition", "Composition\Composition.csproj", "{46D940A9-3B05-4831-AF40-614BB55DED06}"
EndProject
Project("{FAE04EC0-301F-11D3-BF4B-00C04F79EFBC}") = "AccessModifiers2", "AccessModifiers2\AccessModifiers2.csproj", "{2C9281C8-E456-4CB6-9474-E316C1DE0D3E}"
EndProject
Project("{FAE04EC0-301F-11D3-BF4B-00C04F79EFBC}") = "ClassLibrary", "ClassLibrary\ClassLibrary.csproj", "{5A5EA520-D48B-4910-B1A1-C10116DFAB2E}"
EndProject
Project("{FAE04EC0-301F-11D3-BF4B-00C04F79EFBC}") = "ConstructorsInheritance", "ConstructorsInheritance\ConstructorsInheritance.csproj", "{624E14C0-EA7B-44EA-88C1-B4701461B82F}"
EndProject
Project("{2150E333-8FDC-42A3-9474-1A3956D46DE8}") = "Inheritance", "Inheritance", "{FD9EB91B-5758-46A8-B8DB-8835F440481F}"
EndProject
Project("{FAE04EC0-301F-11D3-BF4B-00C04F79EFBC}") = "UpcastingAndDowncasting", "UpcastingAndDowncasting\UpcastingAndDowncasting.csproj", "{57DF6F7E-B74F-423A-B7CA-D0DC6A38DAA9}"
EndProject
Project("{FAE04EC0-301F-11D3-BF4B-00C04F79EFBC}") = "BoxingAndUnboxing", "BoxingAndUnboxing\BoxingAndUnboxing.csproj", "{3F2B8196-3335-41D0-BF81-F59AA9828299}"
EndProject
Project("{FAE04EC0-301F-11D3-BF4B-00C04F79EFBC}") = "StackProject", "StackProject\StackProject.csproj", "{775F2199-2633-4412-B15C-A483C9BBC2C5}"
EndProject
Project("{2150E333-8FDC-42A3-9474-1A3956D46DE8}") = "Polymorphism", "Polymorphism", "{6C5CA14E-21D2-4301-BBD2-8E5FA65E0DFD}"
EndProject
Project("{FAE04EC0-301F-11D3-BF4B-00C04F79EFBC}") = "MethodOverriding", "MethodOverriding\MethodOverriding.csproj", "{4FB8CFE0-6585-4874-B588-80597AFD7B92}"
EndProject
Project("{FAE04EC0-301F-11D3-BF4B-00C04F79EFBC}") = "AbstractClasses", "AbstractClasses\AbstractClasses.csproj", "{E2A20219-A87E-49A7-9984-776EF3001ABC}"
EndProject
Project("{2150E333-8FDC-42A3-9474-1A3956D46DE8}") = "Projects", "Projects", "{D4634FCC-1525-4C88-9565-3F4F09FCA0E4}"
EndProject
Project("{FAE04EC0-301F-11D3-BF4B-00C04F79EFBC}") = "DatabaseConnection", "DatabaseConnection\DatabaseConnection.csproj", "{0E8E30B7-FC02-4CC4-96B1-97C173FFDB30}"
EndProject
Project("{2150E333-8FDC-42A3-9474-1A3956D46DE8}") = "Interfaces", "Interfaces", "{AC21CB22-7271-4061-8837-6D111E2D56CC}"
EndProject
Project("{FAE04EC0-301F-11D3-BF4B-00C04F79EFBC}") = "InterfacesAndTestability", "InterfacesAndTestability\InterfacesAndTestability.csproj", "{7FA19279-9B1C-40AB-B08E-8CAE9C65F3B7}"
EndProject
Project("{FAE04EC0-301F-11D3-BF4B-00C04F79EFBC}") = "InterfacesAndTestability.Tests", "InterfacesAndTestability.Tests\InterfacesAndTestability.Tests.csproj", "{C991F543-71E5-4C69-B201-C8BA20CE58F5}"
EndProject
Project("{FAE04EC0-301F-11D3-BF4B-00C04F79EFBC}") = "InterfacesAndExtensibility", "InterfacesAndExtensibility\InterfacesAndExtensibility.csproj", "{82937FA0-39DB-440B-A1FE-26887F480E8E}"
EndProject
Project("{FAE04EC0-301F-11D3-BF4B-00C04F79EFBC}") = "InterfacesAndPolymorphism", "InterfacesAndPolymorphism\InterfacesAndPolymorphism.csproj", "{314F629E-7CF6-4CDE-AC68-7CAFF4F270DE}"
EndProject
Project("{2150E333-8FDC-42A3-9474-1A3956D46DE8}") = "Projects", "Projects", "{AF790848-4E0B-48B4-8998-113706FFB99F}"
EndProject
Project("{FAE04EC0-301F-11D3-BF4B-00C04F79EFBC}") = "WorkflowEngine", "WorkflowEngine\WorkflowEngine.csproj", "{8321707E-0775-4AFD-BA7D-5A517133664E}"
EndProject
Global
	GlobalSection(SolutionConfigurationPlatforms) = preSolution
		Debug|Any CPU = Debug|Any CPU
		Release|Any CPU = Release|Any CPU
	EndGlobalSection
	GlobalSection(ProjectConfigurationPlatforms) = postSolution
		{9B1BA285-412C-4E32-9B05-E4D93AFC0786}.Debug|Any CPU.ActiveCfg = Debug|Any CPU
		{9B1BA285-412C-4E32-9B05-E4D93AFC0786}.Debug|Any CPU.Build.0 = Debug|Any CPU
		{9B1BA285-412C-4E32-9B05-E4D93AFC0786}.Release|Any CPU.ActiveCfg = Release|Any CPU
		{9B1BA285-412C-4E32-9B05-E4D93AFC0786}.Release|Any CPU.Build.0 = Release|Any CPU
		{6B6518C7-17C3-4770-A867-A75ABC52DC5B}.Debug|Any CPU.ActiveCfg = Debug|Any CPU
		{6B6518C7-17C3-4770-A867-A75ABC52DC5B}.Debug|Any CPU.Build.0 = Debug|Any CPU
		{6B6518C7-17C3-4770-A867-A75ABC52DC5B}.Release|Any CPU.ActiveCfg = Release|Any CPU
		{6B6518C7-17C3-4770-A867-A75ABC52DC5B}.Release|Any CPU.Build.0 = Release|Any CPU
		{E9BEA15D-FC0C-4C62-AF92-21EF39865A9E}.Debug|Any CPU.ActiveCfg = Debug|Any CPU
		{E9BEA15D-FC0C-4C62-AF92-21EF39865A9E}.Debug|Any CPU.Build.0 = Debug|Any CPU
		{E9BEA15D-FC0C-4C62-AF92-21EF39865A9E}.Release|Any CPU.ActiveCfg = Release|Any CPU
		{E9BEA15D-FC0C-4C62-AF92-21EF39865A9E}.Release|Any CPU.Build.0 = Release|Any CPU
		{9CBAB68F-F109-46F8-866F-B9D37A1CAB27}.Debug|Any CPU.ActiveCfg = Debug|Any CPU
		{9CBAB68F-F109-46F8-866F-B9D37A1CAB27}.Debug|Any CPU.Build.0 = Debug|Any CPU
		{9CBAB68F-F109-46F8-866F-B9D37A1CAB27}.Release|Any CPU.ActiveCfg = Release|Any CPU
		{9CBAB68F-F109-46F8-866F-B9D37A1CAB27}.Release|Any CPU.Build.0 = Release|Any CPU
		{A31F785D-71D2-447C-95F5-2B297CA67EB1}.Debug|Any CPU.ActiveCfg = Debug|Any CPU
		{A31F785D-71D2-447C-95F5-2B297CA67EB1}.Debug|Any CPU.Build.0 = Debug|Any CPU
		{A31F785D-71D2-447C-95F5-2B297CA67EB1}.Release|Any CPU.ActiveCfg = Release|Any CPU
		{A31F785D-71D2-447C-95F5-2B297CA67EB1}.Release|Any CPU.Build.0 = Release|Any CPU
		{09ED369A-C413-4175-9A00-4262A0111F5B}.Debug|Any CPU.ActiveCfg = Debug|Any CPU
		{09ED369A-C413-4175-9A00-4262A0111F5B}.Debug|Any CPU.Build.0 = Debug|Any CPU
		{09ED369A-C413-4175-9A00-4262A0111F5B}.Release|Any CPU.ActiveCfg = Release|Any CPU
		{09ED369A-C413-4175-9A00-4262A0111F5B}.Release|Any CPU.Build.0 = Release|Any CPU
		{ECB90E82-7836-434B-873A-60D2F4EDD8C4}.Debug|Any CPU.ActiveCfg = Debug|Any CPU
		{ECB90E82-7836-434B-873A-60D2F4EDD8C4}.Debug|Any CPU.Build.0 = Debug|Any CPU
		{ECB90E82-7836-434B-873A-60D2F4EDD8C4}.Release|Any CPU.ActiveCfg = Release|Any CPU
		{ECB90E82-7836-434B-873A-60D2F4EDD8C4}.Release|Any CPU.Build.0 = Release|Any CPU
		{A8E21165-00AE-4B29-B3AB-96674303A5AE}.Debug|Any CPU.ActiveCfg = Debug|Any CPU
		{A8E21165-00AE-4B29-B3AB-96674303A5AE}.Debug|Any CPU.Build.0 = Debug|Any CPU
		{A8E21165-00AE-4B29-B3AB-96674303A5AE}.Release|Any CPU.ActiveCfg = Release|Any CPU
		{A8E21165-00AE-4B29-B3AB-96674303A5AE}.Release|Any CPU.Build.0 = Release|Any CPU
		{3A7C5217-244E-4AAD-8C85-9495DBB817A1}.Debug|Any CPU.ActiveCfg = Debug|Any CPU
		{3A7C5217-244E-4AAD-8C85-9495DBB817A1}.Debug|Any CPU.Build.0 = Debug|Any CPU
		{3A7C5217-244E-4AAD-8C85-9495DBB817A1}.Release|Any CPU.ActiveCfg = Release|Any CPU
		{3A7C5217-244E-4AAD-8C85-9495DBB817A1}.Release|Any CPU.Build.0 = Release|Any CPU
		{22CDA9F0-7DF5-4CCA-87A5-8DDC245FDE5A}.Debug|Any CPU.ActiveCfg = Debug|Any CPU
		{22CDA9F0-7DF5-4CCA-87A5-8DDC245FDE5A}.Debug|Any CPU.Build.0 = Debug|Any CPU
		{22CDA9F0-7DF5-4CCA-87A5-8DDC245FDE5A}.Release|Any CPU.ActiveCfg = Release|Any CPU
		{22CDA9F0-7DF5-4CCA-87A5-8DDC245FDE5A}.Release|Any CPU.Build.0 = Release|Any CPU
		{0DED20C8-DDEA-41AA-B7C7-917CAE078E1A}.Debug|Any CPU.ActiveCfg = Debug|Any CPU
		{0DED20C8-DDEA-41AA-B7C7-917CAE078E1A}.Debug|Any CPU.Build.0 = Debug|Any CPU
		{0DED20C8-DDEA-41AA-B7C7-917CAE078E1A}.Release|Any CPU.ActiveCfg = Release|Any CPU
		{0DED20C8-DDEA-41AA-B7C7-917CAE078E1A}.Release|Any CPU.Build.0 = Release|Any CPU
		{DCD70B4C-E1C0-4D1F-9F76-15354022384C}.Debug|Any CPU.ActiveCfg = Debug|Any CPU
		{DCD70B4C-E1C0-4D1F-9F76-15354022384C}.Debug|Any CPU.Build.0 = Debug|Any CPU
		{DCD70B4C-E1C0-4D1F-9F76-15354022384C}.Release|Any CPU.ActiveCfg = Release|Any CPU
		{DCD70B4C-E1C0-4D1F-9F76-15354022384C}.Release|Any CPU.Build.0 = Release|Any CPU
		{C05492AE-C4DF-4C3F-8ACC-25208332534D}.Debug|Any CPU.ActiveCfg = Debug|Any CPU
		{C05492AE-C4DF-4C3F-8ACC-25208332534D}.Debug|Any CPU.Build.0 = Debug|Any CPU
		{C05492AE-C4DF-4C3F-8ACC-25208332534D}.Release|Any CPU.ActiveCfg = Release|Any CPU
		{C05492AE-C4DF-4C3F-8ACC-25208332534D}.Release|Any CPU.Build.0 = Release|Any CPU
		{A1D7C73A-2D90-478C-9A78-69AE353DEFDC}.Debug|Any CPU.ActiveCfg = Debug|Any CPU
		{A1D7C73A-2D90-478C-9A78-69AE353DEFDC}.Debug|Any CPU.Build.0 = Debug|Any CPU
		{A1D7C73A-2D90-478C-9A78-69AE353DEFDC}.Release|Any CPU.ActiveCfg = Release|Any CPU
		{A1D7C73A-2D90-478C-9A78-69AE353DEFDC}.Release|Any CPU.Build.0 = Release|Any CPU
		{EB6A76D7-4DC6-49C7-9920-02F997CB5A83}.Debug|Any CPU.ActiveCfg = Debug|Any CPU
		{EB6A76D7-4DC6-49C7-9920-02F997CB5A83}.Debug|Any CPU.Build.0 = Debug|Any CPU
		{EB6A76D7-4DC6-49C7-9920-02F997CB5A83}.Release|Any CPU.ActiveCfg = Release|Any CPU
		{EB6A76D7-4DC6-49C7-9920-02F997CB5A83}.Release|Any CPU.Build.0 = Release|Any CPU
		{31A72172-FA67-4B3F-9B5D-19AA0536D612}.Debug|Any CPU.ActiveCfg = Debug|Any CPU
		{31A72172-FA67-4B3F-9B5D-19AA0536D612}.Debug|Any CPU.Build.0 = Debug|Any CPU
		{31A72172-FA67-4B3F-9B5D-19AA0536D612}.Release|Any CPU.ActiveCfg = Release|Any CPU
		{31A72172-FA67-4B3F-9B5D-19AA0536D612}.Release|Any CPU.Build.0 = Release|Any CPU
		{FA72E54C-9041-407A-A8DE-5E17E6E32511}.Debug|Any CPU.ActiveCfg = Debug|Any CPU
		{FA72E54C-9041-407A-A8DE-5E17E6E32511}.Debug|Any CPU.Build.0 = Debug|Any CPU
		{FA72E54C-9041-407A-A8DE-5E17E6E32511}.Release|Any CPU.ActiveCfg = Release|Any CPU
		{FA72E54C-9041-407A-A8DE-5E17E6E32511}.Release|Any CPU.Build.0 = Release|Any CPU
		{9998B060-2081-41D5-B0E6-0B3A5717A282}.Debug|Any CPU.ActiveCfg = Debug|Any CPU
		{9998B060-2081-41D5-B0E6-0B3A5717A282}.Debug|Any CPU.Build.0 = Debug|Any CPU
		{9998B060-2081-41D5-B0E6-0B3A5717A282}.Release|Any CPU.ActiveCfg = Release|Any CPU
		{9998B060-2081-41D5-B0E6-0B3A5717A282}.Release|Any CPU.Build.0 = Release|Any CPU
		{AB88BF4E-0172-4059-9C9E-79B141E1B7F1}.Debug|Any CPU.ActiveCfg = Debug|Any CPU
		{AB88BF4E-0172-4059-9C9E-79B141E1B7F1}.Debug|Any CPU.Build.0 = Debug|Any CPU
		{AB88BF4E-0172-4059-9C9E-79B141E1B7F1}.Release|Any CPU.ActiveCfg = Release|Any CPU
		{AB88BF4E-0172-4059-9C9E-79B141E1B7F1}.Release|Any CPU.Build.0 = Release|Any CPU
		{35EBD312-A37E-4C98-9FFE-6C35D6D83173}.Debug|Any CPU.ActiveCfg = Debug|Any CPU
		{35EBD312-A37E-4C98-9FFE-6C35D6D83173}.Debug|Any CPU.Build.0 = Debug|Any CPU
		{35EBD312-A37E-4C98-9FFE-6C35D6D83173}.Release|Any CPU.ActiveCfg = Release|Any CPU
		{35EBD312-A37E-4C98-9FFE-6C35D6D83173}.Release|Any CPU.Build.0 = Release|Any CPU
		{56111313-7CF5-44EC-9DE8-511ABF9725F2}.Debug|Any CPU.ActiveCfg = Debug|Any CPU
		{56111313-7CF5-44EC-9DE8-511ABF9725F2}.Debug|Any CPU.Build.0 = Debug|Any CPU
		{56111313-7CF5-44EC-9DE8-511ABF9725F2}.Release|Any CPU.ActiveCfg = Release|Any CPU
		{56111313-7CF5-44EC-9DE8-511ABF9725F2}.Release|Any CPU.Build.0 = Release|Any CPU
		{47F967D8-B931-43FD-A628-87D499CD8E36}.Debug|Any CPU.ActiveCfg = Debug|Any CPU
		{47F967D8-B931-43FD-A628-87D499CD8E36}.Debug|Any CPU.Build.0 = Debug|Any CPU
		{47F967D8-B931-43FD-A628-87D499CD8E36}.Release|Any CPU.ActiveCfg = Release|Any CPU
		{47F967D8-B931-43FD-A628-87D499CD8E36}.Release|Any CPU.Build.0 = Release|Any CPU
		{4246646A-0F02-455C-BB70-9252876BD0BF}.Debug|Any CPU.ActiveCfg = Debug|Any CPU
		{4246646A-0F02-455C-BB70-9252876BD0BF}.Debug|Any CPU.Build.0 = Debug|Any CPU
		{4246646A-0F02-455C-BB70-9252876BD0BF}.Release|Any CPU.ActiveCfg = Release|Any CPU
		{4246646A-0F02-455C-BB70-9252876BD0BF}.Release|Any CPU.Build.0 = Release|Any CPU
		{9E552858-FA6E-4435-B373-9451DBB036DC}.Debug|Any CPU.ActiveCfg = Debug|Any CPU
		{9E552858-FA6E-4435-B373-9451DBB036DC}.Debug|Any CPU.Build.0 = Debug|Any CPU
		{9E552858-FA6E-4435-B373-9451DBB036DC}.Release|Any CPU.ActiveCfg = Release|Any CPU
		{9E552858-FA6E-4435-B373-9451DBB036DC}.Release|Any CPU.Build.0 = Release|Any CPU
		{2EB81313-ADFB-4B07-82BC-86BBE88D25DB}.Debug|Any CPU.ActiveCfg = Debug|Any CPU
		{2EB81313-ADFB-4B07-82BC-86BBE88D25DB}.Debug|Any CPU.Build.0 = Debug|Any CPU
		{2EB81313-ADFB-4B07-82BC-86BBE88D25DB}.Release|Any CPU.ActiveCfg = Release|Any CPU
		{2EB81313-ADFB-4B07-82BC-86BBE88D25DB}.Release|Any CPU.Build.0 = Release|Any CPU
		{26E0EBCC-7AAE-4797-BDDE-300A0CE518AA}.Debug|Any CPU.ActiveCfg = Debug|Any CPU
		{26E0EBCC-7AAE-4797-BDDE-300A0CE518AA}.Debug|Any CPU.Build.0 = Debug|Any CPU
		{26E0EBCC-7AAE-4797-BDDE-300A0CE518AA}.Release|Any CPU.ActiveCfg = Release|Any CPU
		{26E0EBCC-7AAE-4797-BDDE-300A0CE518AA}.Release|Any CPU.Build.0 = Release|Any CPU
		{E9968032-BF39-4B32-9EA6-E7187469A3FD}.Debug|Any CPU.ActiveCfg = Debug|Any CPU
		{E9968032-BF39-4B32-9EA6-E7187469A3FD}.Debug|Any CPU.Build.0 = Debug|Any CPU
		{E9968032-BF39-4B32-9EA6-E7187469A3FD}.Release|Any CPU.ActiveCfg = Release|Any CPU
		{E9968032-BF39-4B32-9EA6-E7187469A3FD}.Release|Any CPU.Build.0 = Release|Any CPU
		{4E5410C3-AF8A-4F3D-B86B-463E16AEE83A}.Debug|Any CPU.ActiveCfg = Debug|Any CPU
		{4E5410C3-AF8A-4F3D-B86B-463E16AEE83A}.Debug|Any CPU.Build.0 = Debug|Any CPU
		{4E5410C3-AF8A-4F3D-B86B-463E16AEE83A}.Release|Any CPU.ActiveCfg = Release|Any CPU
		{4E5410C3-AF8A-4F3D-B86B-463E16AEE83A}.Release|Any CPU.Build.0 = Release|Any CPU
		{A61F715D-D779-4D6A-AB41-37A17F4E990B}.Debug|Any CPU.ActiveCfg = Debug|Any CPU
		{A61F715D-D779-4D6A-AB41-37A17F4E990B}.Debug|Any CPU.Build.0 = Debug|Any CPU
		{A61F715D-D779-4D6A-AB41-37A17F4E990B}.Release|Any CPU.ActiveCfg = Release|Any CPU
		{A61F715D-D779-4D6A-AB41-37A17F4E990B}.Release|Any CPU.Build.0 = Release|Any CPU
		{FAB92C59-535F-442D-BE84-48A7E5974C65}.Debug|Any CPU.ActiveCfg = Debug|Any CPU
		{FAB92C59-535F-442D-BE84-48A7E5974C65}.Debug|Any CPU.Build.0 = Debug|Any CPU
		{FAB92C59-535F-442D-BE84-48A7E5974C65}.Release|Any CPU.ActiveCfg = Release|Any CPU
		{FAB92C59-535F-442D-BE84-48A7E5974C65}.Release|Any CPU.Build.0 = Release|Any CPU
		{46134D71-5798-415D-882C-79231F7140CC}.Debug|Any CPU.ActiveCfg = Debug|Any CPU
		{46134D71-5798-415D-882C-79231F7140CC}.Debug|Any CPU.Build.0 = Debug|Any CPU
		{46134D71-5798-415D-882C-79231F7140CC}.Release|Any CPU.ActiveCfg = Release|Any CPU
		{46134D71-5798-415D-882C-79231F7140CC}.Release|Any CPU.Build.0 = Release|Any CPU
		{C5D83ADF-1D8F-4184-BF62-3FFC97D8E5A9}.Debug|Any CPU.ActiveCfg = Debug|Any CPU
		{C5D83ADF-1D8F-4184-BF62-3FFC97D8E5A9}.Debug|Any CPU.Build.0 = Debug|Any CPU
		{C5D83ADF-1D8F-4184-BF62-3FFC97D8E5A9}.Release|Any CPU.ActiveCfg = Release|Any CPU
		{C5D83ADF-1D8F-4184-BF62-3FFC97D8E5A9}.Release|Any CPU.Build.0 = Release|Any CPU
		{46D940A9-3B05-4831-AF40-614BB55DED06}.Debug|Any CPU.ActiveCfg = Debug|Any CPU
		{46D940A9-3B05-4831-AF40-614BB55DED06}.Debug|Any CPU.Build.0 = Debug|Any CPU
		{46D940A9-3B05-4831-AF40-614BB55DED06}.Release|Any CPU.ActiveCfg = Release|Any CPU
		{46D940A9-3B05-4831-AF40-614BB55DED06}.Release|Any CPU.Build.0 = Release|Any CPU
		{2C9281C8-E456-4CB6-9474-E316C1DE0D3E}.Debug|Any CPU.ActiveCfg = Debug|Any CPU
		{2C9281C8-E456-4CB6-9474-E316C1DE0D3E}.Debug|Any CPU.Build.0 = Debug|Any CPU
		{2C9281C8-E456-4CB6-9474-E316C1DE0D3E}.Release|Any CPU.ActiveCfg = Release|Any CPU
		{2C9281C8-E456-4CB6-9474-E316C1DE0D3E}.Release|Any CPU.Build.0 = Release|Any CPU
		{5A5EA520-D48B-4910-B1A1-C10116DFAB2E}.Debug|Any CPU.ActiveCfg = Debug|Any CPU
		{5A5EA520-D48B-4910-B1A1-C10116DFAB2E}.Debug|Any CPU.Build.0 = Debug|Any CPU
		{5A5EA520-D48B-4910-B1A1-C10116DFAB2E}.Release|Any CPU.ActiveCfg = Release|Any CPU
		{5A5EA520-D48B-4910-B1A1-C10116DFAB2E}.Release|Any CPU.Build.0 = Release|Any CPU
		{624E14C0-EA7B-44EA-88C1-B4701461B82F}.Debug|Any CPU.ActiveCfg = Debug|Any CPU
		{624E14C0-EA7B-44EA-88C1-B4701461B82F}.Debug|Any CPU.Build.0 = Debug|Any CPU
		{624E14C0-EA7B-44EA-88C1-B4701461B82F}.Release|Any CPU.ActiveCfg = Release|Any CPU
		{624E14C0-EA7B-44EA-88C1-B4701461B82F}.Release|Any CPU.Build.0 = Release|Any CPU
		{57DF6F7E-B74F-423A-B7CA-D0DC6A38DAA9}.Debug|Any CPU.ActiveCfg = Debug|Any CPU
		{57DF6F7E-B74F-423A-B7CA-D0DC6A38DAA9}.Debug|Any CPU.Build.0 = Debug|Any CPU
		{57DF6F7E-B74F-423A-B7CA-D0DC6A38DAA9}.Release|Any CPU.ActiveCfg = Release|Any CPU
		{57DF6F7E-B74F-423A-B7CA-D0DC6A38DAA9}.Release|Any CPU.Build.0 = Release|Any CPU
		{3F2B8196-3335-41D0-BF81-F59AA9828299}.Debug|Any CPU.ActiveCfg = Debug|Any CPU
		{3F2B8196-3335-41D0-BF81-F59AA9828299}.Debug|Any CPU.Build.0 = Debug|Any CPU
		{3F2B8196-3335-41D0-BF81-F59AA9828299}.Release|Any CPU.ActiveCfg = Release|Any CPU
		{3F2B8196-3335-41D0-BF81-F59AA9828299}.Release|Any CPU.Build.0 = Release|Any CPU
		{775F2199-2633-4412-B15C-A483C9BBC2C5}.Debug|Any CPU.ActiveCfg = Debug|Any CPU
		{775F2199-2633-4412-B15C-A483C9BBC2C5}.Debug|Any CPU.Build.0 = Debug|Any CPU
		{775F2199-2633-4412-B15C-A483C9BBC2C5}.Release|Any CPU.ActiveCfg = Release|Any CPU
		{775F2199-2633-4412-B15C-A483C9BBC2C5}.Release|Any CPU.Build.0 = Release|Any CPU
		{4FB8CFE0-6585-4874-B588-80597AFD7B92}.Debug|Any CPU.ActiveCfg = Debug|Any CPU
		{4FB8CFE0-6585-4874-B588-80597AFD7B92}.Debug|Any CPU.Build.0 = Debug|Any CPU
		{4FB8CFE0-6585-4874-B588-80597AFD7B92}.Release|Any CPU.ActiveCfg = Release|Any CPU
		{4FB8CFE0-6585-4874-B588-80597AFD7B92}.Release|Any CPU.Build.0 = Release|Any CPU
		{E2A20219-A87E-49A7-9984-776EF3001ABC}.Debug|Any CPU.ActiveCfg = Debug|Any CPU
		{E2A20219-A87E-49A7-9984-776EF3001ABC}.Debug|Any CPU.Build.0 = Debug|Any CPU
		{E2A20219-A87E-49A7-9984-776EF3001ABC}.Release|Any CPU.ActiveCfg = Release|Any CPU
		{E2A20219-A87E-49A7-9984-776EF3001ABC}.Release|Any CPU.Build.0 = Release|Any CPU
		{0E8E30B7-FC02-4CC4-96B1-97C173FFDB30}.Debug|Any CPU.ActiveCfg = Debug|Any CPU
		{0E8E30B7-FC02-4CC4-96B1-97C173FFDB30}.Debug|Any CPU.Build.0 = Debug|Any CPU
		{0E8E30B7-FC02-4CC4-96B1-97C173FFDB30}.Release|Any CPU.ActiveCfg = Release|Any CPU
		{0E8E30B7-FC02-4CC4-96B1-97C173FFDB30}.Release|Any CPU.Build.0 = Release|Any CPU
		{7FA19279-9B1C-40AB-B08E-8CAE9C65F3B7}.Debug|Any CPU.ActiveCfg = Debug|Any CPU
		{7FA19279-9B1C-40AB-B08E-8CAE9C65F3B7}.Debug|Any CPU.Build.0 = Debug|Any CPU
		{7FA19279-9B1C-40AB-B08E-8CAE9C65F3B7}.Release|Any CPU.ActiveCfg = Release|Any CPU
		{7FA19279-9B1C-40AB-B08E-8CAE9C65F3B7}.Release|Any CPU.Build.0 = Release|Any CPU
		{C991F543-71E5-4C69-B201-C8BA20CE58F5}.Debug|Any CPU.ActiveCfg = Debug|Any CPU
		{C991F543-71E5-4C69-B201-C8BA20CE58F5}.Debug|Any CPU.Build.0 = Debug|Any CPU
		{C991F543-71E5-4C69-B201-C8BA20CE58F5}.Release|Any CPU.ActiveCfg = Release|Any CPU
		{C991F543-71E5-4C69-B201-C8BA20CE58F5}.Release|Any CPU.Build.0 = Release|Any CPU
		{82937FA0-39DB-440B-A1FE-26887F480E8E}.Debug|Any CPU.ActiveCfg = Debug|Any CPU
		{82937FA0-39DB-440B-A1FE-26887F480E8E}.Debug|Any CPU.Build.0 = Debug|Any CPU
		{82937FA0-39DB-440B-A1FE-26887F480E8E}.Release|Any CPU.ActiveCfg = Release|Any CPU
		{82937FA0-39DB-440B-A1FE-26887F480E8E}.Release|Any CPU.Build.0 = Release|Any CPU
		{314F629E-7CF6-4CDE-AC68-7CAFF4F270DE}.Debug|Any CPU.ActiveCfg = Debug|Any CPU
		{314F629E-7CF6-4CDE-AC68-7CAFF4F270DE}.Debug|Any CPU.Build.0 = Debug|Any CPU
		{314F629E-7CF6-4CDE-AC68-7CAFF4F270DE}.Release|Any CPU.ActiveCfg = Release|Any CPU
		{314F629E-7CF6-4CDE-AC68-7CAFF4F270DE}.Release|Any CPU.Build.0 = Release|Any CPU
		{8321707E-0775-4AFD-BA7D-5A517133664E}.Debug|Any CPU.ActiveCfg = Debug|Any CPU
		{8321707E-0775-4AFD-BA7D-5A517133664E}.Debug|Any CPU.Build.0 = Debug|Any CPU
		{8321707E-0775-4AFD-BA7D-5A517133664E}.Release|Any CPU.ActiveCfg = Release|Any CPU
		{8321707E-0775-4AFD-BA7D-5A517133664E}.Release|Any CPU.Build.0 = Release|Any CPU
	EndGlobalSection
	GlobalSection(SolutionProperties) = preSolution
		HideSolutionNode = FALSE
	EndGlobalSection
	GlobalSection(NestedProjects) = preSolution
		{9B1BA285-412C-4E32-9B05-E4D93AFC0786} = {3C1934C3-A29A-4321-99C1-C82258E126E3}
		{6B6518C7-17C3-4770-A867-A75ABC52DC5B} = {EB3B5C22-4737-45D8-949F-4A0043F90111}
		{E9BEA15D-FC0C-4C62-AF92-21EF39865A9E} = {EB3B5C22-4737-45D8-949F-4A0043F90111}
		{9CBAB68F-F109-46F8-866F-B9D37A1CAB27} = {6F178D1B-1E55-4D67-8F94-EC20634F2980}
		{A31F785D-71D2-447C-95F5-2B297CA67EB1} = {6F178D1B-1E55-4D67-8F94-EC20634F2980}
		{09ED369A-C413-4175-9A00-4262A0111F5B} = {6F178D1B-1E55-4D67-8F94-EC20634F2980}
		{ECB90E82-7836-434B-873A-60D2F4EDD8C4} = {6F178D1B-1E55-4D67-8F94-EC20634F2980}
		{A8E21165-00AE-4B29-B3AB-96674303A5AE} = {6F178D1B-1E55-4D67-8F94-EC20634F2980}
		{3A7C5217-244E-4AAD-8C85-9495DBB817A1} = {3C1934C3-A29A-4321-99C1-C82258E126E3}
		{22CDA9F0-7DF5-4CCA-87A5-8DDC245FDE5A} = {6F178D1B-1E55-4D67-8F94-EC20634F2980}
		{0DED20C8-DDEA-41AA-B7C7-917CAE078E1A} = {6F178D1B-1E55-4D67-8F94-EC20634F2980}
		{C05492AE-C4DF-4C3F-8ACC-25208332534D} = {178917C3-CF41-4BB8-988E-3A6793B02C30}
		{A1D7C73A-2D90-478C-9A78-69AE353DEFDC} = {20C1211D-4EAD-4CF6-9EF2-32DEA85A0C46}
		{EB6A76D7-4DC6-49C7-9920-02F997CB5A83} = {178917C3-CF41-4BB8-988E-3A6793B02C30}
		{20C1211D-4EAD-4CF6-9EF2-32DEA85A0C46} = {178917C3-CF41-4BB8-988E-3A6793B02C30}
		{6F178D1B-1E55-4D67-8F94-EC20634F2980} = {EB3B5C22-4737-45D8-949F-4A0043F90111}
		{31A72172-FA67-4B3F-9B5D-19AA0536D612} = {20C1211D-4EAD-4CF6-9EF2-32DEA85A0C46}
		{FA72E54C-9041-407A-A8DE-5E17E6E32511} = {20C1211D-4EAD-4CF6-9EF2-32DEA85A0C46}
		{9998B060-2081-41D5-B0E6-0B3A5717A282} = {20C1211D-4EAD-4CF6-9EF2-32DEA85A0C46}
		{AB88BF4E-0172-4059-9C9E-79B141E1B7F1} = {20C1211D-4EAD-4CF6-9EF2-32DEA85A0C46}
		{35EBD312-A37E-4C98-9FFE-6C35D6D83173} = {20C1211D-4EAD-4CF6-9EF2-32DEA85A0C46}
		{56111313-7CF5-44EC-9DE8-511ABF9725F2} = {65E4FDA6-6064-48E7-BBD6-67864FF7DB3B}
		{47F967D8-B931-43FD-A628-87D499CD8E36} = {65E4FDA6-6064-48E7-BBD6-67864FF7DB3B}
		{4246646A-0F02-455C-BB70-9252876BD0BF} = {65E4FDA6-6064-48E7-BBD6-67864FF7DB3B}
		{50C75EA9-946A-4FCB-8A78-E57327305554} = {65E4FDA6-6064-48E7-BBD6-67864FF7DB3B}
		{9E552858-FA6E-4435-B373-9451DBB036DC} = {50C75EA9-946A-4FCB-8A78-E57327305554}
		{2EB81313-ADFB-4B07-82BC-86BBE88D25DB} = {4ABE96D1-9153-48A2-BF3C-FD046F4760B3}
		{26E0EBCC-7AAE-4797-BDDE-300A0CE518AA} = {4ABE96D1-9153-48A2-BF3C-FD046F4760B3}
		{E9968032-BF39-4B32-9EA6-E7187469A3FD} = {4ABE96D1-9153-48A2-BF3C-FD046F4760B3}
		{4E5410C3-AF8A-4F3D-B86B-463E16AEE83A} = {4ABE96D1-9153-48A2-BF3C-FD046F4760B3}
		{A61F715D-D779-4D6A-AB41-37A17F4E990B} = {4ABE96D1-9153-48A2-BF3C-FD046F4760B3}
		{D41F17FC-0DC8-4EFB-A463-FC5B260E27BE} = {4ABE96D1-9153-48A2-BF3C-FD046F4760B3}
		{FAB92C59-535F-442D-BE84-48A7E5974C65} = {D41F17FC-0DC8-4EFB-A463-FC5B260E27BE}
		{46134D71-5798-415D-882C-79231F7140CC} = {D41F17FC-0DC8-4EFB-A463-FC5B260E27BE}
		{C5D83ADF-1D8F-4184-BF62-3FFC97D8E5A9} = {4ABE96D1-9153-48A2-BF3C-FD046F4760B3}
		{46D940A9-3B05-4831-AF40-614BB55DED06} = {4ABE96D1-9153-48A2-BF3C-FD046F4760B3}
		{2C9281C8-E456-4CB6-9474-E316C1DE0D3E} = {4ABE96D1-9153-48A2-BF3C-FD046F4760B3}
		{5A5EA520-D48B-4910-B1A1-C10116DFAB2E} = {4ABE96D1-9153-48A2-BF3C-FD046F4760B3}
		{624E14C0-EA7B-44EA-88C1-B4701461B82F} = {FD9EB91B-5758-46A8-B8DB-8835F440481F}
		{57DF6F7E-B74F-423A-B7CA-D0DC6A38DAA9} = {FD9EB91B-5758-46A8-B8DB-8835F440481F}
		{3F2B8196-3335-41D0-BF81-F59AA9828299} = {FD9EB91B-5758-46A8-B8DB-8835F440481F}
		{775F2199-2633-4412-B15C-A483C9BBC2C5} = {FD9EB91B-5758-46A8-B8DB-8835F440481F}
		{4FB8CFE0-6585-4874-B588-80597AFD7B92} = {6C5CA14E-21D2-4301-BBD2-8E5FA65E0DFD}
		{E2A20219-A87E-49A7-9984-776EF3001ABC} = {6C5CA14E-21D2-4301-BBD2-8E5FA65E0DFD}
		{D4634FCC-1525-4C88-9565-3F4F09FCA0E4} = {6C5CA14E-21D2-4301-BBD2-8E5FA65E0DFD}
		{0E8E30B7-FC02-4CC4-96B1-97C173FFDB30} = {D4634FCC-1525-4C88-9565-3F4F09FCA0E4}
		{7FA19279-9B1C-40AB-B08E-8CAE9C65F3B7} = {AC21CB22-7271-4061-8837-6D111E2D56CC}
		{C991F543-71E5-4C69-B201-C8BA20CE58F5} = {AC21CB22-7271-4061-8837-6D111E2D56CC}
		{82937FA0-39DB-440B-A1FE-26887F480E8E} = {AC21CB22-7271-4061-8837-6D111E2D56CC}
		{314F629E-7CF6-4CDE-AC68-7CAFF4F270DE} = {AC21CB22-7271-4061-8837-6D111E2D56CC}
		{AF790848-4E0B-48B4-8998-113706FFB99F} = {AC21CB22-7271-4061-8837-6D111E2D56CC}
		{8321707E-0775-4AFD-BA7D-5A517133664E} = {AF790848-4E0B-48B4-8998-113706FFB99F}
	EndGlobalSection
	GlobalSection(ExtensibilityGlobals) = postSolution
		SolutionGuid = {88C87E8D-386A-4CB5-83F6-12723567762F}
	EndGlobalSection
EndGlobal
